
Microsoft Visual Studio Solution File, Format Version 12.00
# Visual Studio 14
VisualStudioVersion = 14.0.25420.1
MinimumVisualStudioVersion = 10.0.40219.1
Project("{FAE04EC0-301F-11D3-BF4B-00C04F79EFBC}") = "ConfigureMe", "ConfigureMe\ConfigureMe.csproj", "{C4037A68-183C-426D-9C73-6BCEFDE154B9}"
EndProject
Project("{FAE04EC0-301F-11D3-BF4B-00C04F79EFBC}") = "Tests", "Tests\Tests.csproj", "{AC3869E7-0B08-4425-B64D-C9889F2FFDAF}"
EndProject
Global
	GlobalSection(SolutionConfigurationPlatforms) = preSolution
		Debug|Any CPU = Debug|Any CPU
		Release|Any CPU = Release|Any CPU
	EndGlobalSection
	GlobalSection(ProjectConfigurationPlatforms) = postSolution
		{C4037A68-183C-426D-9C73-6BCEFDE154B9}.Debug|Any CPU.ActiveCfg = Debug|Any CPU
		{C4037A68-183C-426D-9C73-6BCEFDE154B9}.Debug|Any CPU.Build.0 = Debug|Any CPU
		{C4037A68-183C-426D-9C73-6BCEFDE154B9}.Release|Any CPU.ActiveCfg = Release|Any CPU
		{C4037A68-183C-426D-9C73-6BCEFDE154B9}.Release|Any CPU.Build.0 = Release|Any CPU
		{AC3869E7-0B08-4425-B64D-C9889F2FFDAF}.Debug|Any CPU.ActiveCfg = Debug|Any CPU
		{AC3869E7-0B08-4425-B64D-C9889F2FFDAF}.Debug|Any CPU.Build.0 = Debug|Any CPU
		{AC3869E7-0B08-4425-B64D-C9889F2FFDAF}.Release|Any CPU.ActiveCfg = Release|Any CPU
		{AC3869E7-0B08-4425-B64D-C9889F2FFDAF}.Release|Any CPU.Build.0 = Release|Any CPU
	EndGlobalSection
	GlobalSection(SolutionProperties) = preSolution
		HideSolutionNode = FALSE
	EndGlobalSection
EndGlobal
